
Microsoft Visual Studio Solution File, Format Version 12.00
# Visual Studio Version 17
VisualStudioVersion = 17.1.32210.238
MinimumVisualStudioVersion = 10.0.40219.1
Project("{FAE04EC0-301F-11D3-BF4B-00C04F79EFBC}") = "EFCoreCodeFirstAssignment", "EFCoreCodeFirstAssignment\EFCoreCodeFirstAssignment.csproj", "{AC4C3BFC-6921-4854-880E-86B61F3934A4}"
EndProject
Project("{FAE04EC0-301F-11D3-BF4B-00C04F79EFBC}") = "DTO", "DTO\DTO.csproj", "{A860D5B1-569B-4FE3-9F34-812797CB7035}"
EndProject
Project("{FAE04EC0-301F-11D3-BF4B-00C04F79EFBC}") = "DAL", "DAL\DAL.csproj", "{09DE6B02-3FE9-4DF3-9B05-21BB5D3C245C}"
EndProject
Project("{FAE04EC0-301F-11D3-BF4B-00C04F79EFBC}") = "BL", "BL\BL.csproj", "{C4125C2C-70FC-4275-84A7-93C78104A4A5}"
EndProject
Global
	GlobalSection(SolutionConfigurationPlatforms) = preSolution
		Debug|Any CPU = Debug|Any CPU
		Release|Any CPU = Release|Any CPU
	EndGlobalSection
	GlobalSection(ProjectConfigurationPlatforms) = postSolution
		{AC4C3BFC-6921-4854-880E-86B61F3934A4}.Debug|Any CPU.ActiveCfg = Debug|Any CPU
		{AC4C3BFC-6921-4854-880E-86B61F3934A4}.Debug|Any CPU.Build.0 = Debug|Any CPU
		{AC4C3BFC-6921-4854-880E-86B61F3934A4}.Release|Any CPU.ActiveCfg = Release|Any CPU
		{AC4C3BFC-6921-4854-880E-86B61F3934A4}.Release|Any CPU.Build.0 = Release|Any CPU
		{A860D5B1-569B-4FE3-9F34-812797CB7035}.Debug|Any CPU.ActiveCfg = Debug|Any CPU
		{A860D5B1-569B-4FE3-9F34-812797CB7035}.Debug|Any CPU.Build.0 = Debug|Any CPU
		{A860D5B1-569B-4FE3-9F34-812797CB7035}.Release|Any CPU.ActiveCfg = Release|Any CPU
		{A860D5B1-569B-4FE3-9F34-812797CB7035}.Release|Any CPU.Build.0 = Release|Any CPU
		{09DE6B02-3FE9-4DF3-9B05-21BB5D3C245C}.Debug|Any CPU.ActiveCfg = Debug|Any CPU
		{09DE6B02-3FE9-4DF3-9B05-21BB5D3C245C}.Debug|Any CPU.Build.0 = Debug|Any CPU
		{09DE6B02-3FE9-4DF3-9B05-21BB5D3C245C}.Release|Any CPU.ActiveCfg = Release|Any CPU
		{09DE6B02-3FE9-4DF3-9B05-21BB5D3C245C}.Release|Any CPU.Build.0 = Release|Any CPU
		{C4125C2C-70FC-4275-84A7-93C78104A4A5}.Debug|Any CPU.ActiveCfg = Debug|Any CPU
		{C4125C2C-70FC-4275-84A7-93C78104A4A5}.Debug|Any CPU.Build.0 = Debug|Any CPU
		{C4125C2C-70FC-4275-84A7-93C78104A4A5}.Release|Any CPU.ActiveCfg = Release|Any CPU
		{C4125C2C-70FC-4275-84A7-93C78104A4A5}.Release|Any CPU.Build.0 = Release|Any CPU
	EndGlobalSection
	GlobalSection(SolutionProperties) = preSolution
		HideSolutionNode = FALSE
	EndGlobalSection
	GlobalSection(ExtensibilityGlobals) = postSolution
		SolutionGuid = {D530CD46-9A2E-4432-AAAD-70D7263F5391}
	EndGlobalSection
EndGlobal
