
Microsoft Visual Studio Solution File, Format Version 12.00
# Visual Studio Version 17
VisualStudioVersion = 17.1.32210.238
MinimumVisualStudioVersion = 10.0.40219.1
Project("{FAE04EC0-301F-11D3-BF4B-00C04F79EFBC}") = "EdurekaAssignments", "EdurekaAssignments\EdurekaAssignments.csproj", "{D671E9A2-6FA7-445D-BC1C-016FCDEBEEEC}"
EndProject
Project("{FAE04EC0-301F-11D3-BF4B-00C04F79EFBC}") = "Day1", "Day1\Day1.csproj", "{A7BC8C93-4D2E-4402-BF20-3E5D3FC63B90}"
EndProject
Project("{FAE04EC0-301F-11D3-BF4B-00C04F79EFBC}") = "Day2", "Day2\Day2.csproj", "{29F72EDB-EA96-49A1-98D9-7656AE85B8BB}"
EndProject
Global
	GlobalSection(SolutionConfigurationPlatforms) = preSolution
		Debug|Any CPU = Debug|Any CPU
		Release|Any CPU = Release|Any CPU
	EndGlobalSection
	GlobalSection(ProjectConfigurationPlatforms) = postSolution
		{D671E9A2-6FA7-445D-BC1C-016FCDEBEEEC}.Debug|Any CPU.ActiveCfg = Debug|Any CPU
		{D671E9A2-6FA7-445D-BC1C-016FCDEBEEEC}.Debug|Any CPU.Build.0 = Debug|Any CPU
		{D671E9A2-6FA7-445D-BC1C-016FCDEBEEEC}.Release|Any CPU.ActiveCfg = Release|Any CPU
		{D671E9A2-6FA7-445D-BC1C-016FCDEBEEEC}.Release|Any CPU.Build.0 = Release|Any CPU
		{A7BC8C93-4D2E-4402-BF20-3E5D3FC63B90}.Debug|Any CPU.ActiveCfg = Debug|Any CPU
		{A7BC8C93-4D2E-4402-BF20-3E5D3FC63B90}.Debug|Any CPU.Build.0 = Debug|Any CPU
		{A7BC8C93-4D2E-4402-BF20-3E5D3FC63B90}.Release|Any CPU.ActiveCfg = Release|Any CPU
		{A7BC8C93-4D2E-4402-BF20-3E5D3FC63B90}.Release|Any CPU.Build.0 = Release|Any CPU
		{29F72EDB-EA96-49A1-98D9-7656AE85B8BB}.Debug|Any CPU.ActiveCfg = Debug|Any CPU
		{29F72EDB-EA96-49A1-98D9-7656AE85B8BB}.Debug|Any CPU.Build.0 = Debug|Any CPU
		{29F72EDB-EA96-49A1-98D9-7656AE85B8BB}.Release|Any CPU.ActiveCfg = Release|Any CPU
		{29F72EDB-EA96-49A1-98D9-7656AE85B8BB}.Release|Any CPU.Build.0 = Release|Any CPU
	EndGlobalSection
	GlobalSection(SolutionProperties) = preSolution
		HideSolutionNode = FALSE
	EndGlobalSection
	GlobalSection(ExtensibilityGlobals) = postSolution
		SolutionGuid = {60BB8D1B-CF6F-4298-A830-8406A66E80A5}
	EndGlobalSection
EndGlobal
